// !$*UTF8*$!
{
	archiveVersion = 1;
	classes = {
	};
	objectVersion = 45;
	objects = {

/* Begin PBXBuildFile section */
		1DDD58160DA1D0A300B32029 /* MainMenu.xib in Resources */ = {isa = PBXBuildFile; fileRef = 1DDD58140DA1D0A300B32029 /* MainMenu.xib */; };
		256AC3DA0F4B6AC300CF3369 /* dsptest1AppDelegate.m in Sources */ = {isa = PBXBuildFile; fileRef = 256AC3D90F4B6AC300CF3369 /* dsptest1AppDelegate.m */; };
		8D11072B0486CEB800E47090 /* InfoPlist.strings in Resources */ = {isa = PBXBuildFile; fileRef = 089C165CFE840E0CC02AAC07 /* InfoPlist.strings */; };
		8D11072D0486CEB800E47090 /* main.m in Sources */ = {isa = PBXBuildFile; fileRef = 29B97316FDCFA39411CA2CEA /* main.m */; settings = {ATTRIBUTES = (); }; };
		8D11072F0486CEB800E47090 /* Cocoa.framework in Frameworks */ = {isa = PBXBuildFile; fileRef = 1058C7A1FEA54F0111CA2CBB /* Cocoa.framework */; };
		F32C1ED714E30B1600C594FB /* dsptestview.mm in Sources */ = {isa = PBXBuildFile; fileRef = F32C1ED614E30B1600C594FB /* dsptestview.mm */; };
		F39B2748167BCADC0085D61A /* util.mm in Sources */ = {isa = PBXBuildFile; fileRef = F39B2747167BCADC0085D61A /* util.mm */; };
		F39B2756167E53A70085D61A /* graphics.mm in Sources */ = {isa = PBXBuildFile; fileRef = F39B2755167E53A70085D61A /* graphics.mm */; };
		F39B27661683BE120085D61A /* SenTestingKit.framework in Frameworks */ = {isa = PBXBuildFile; fileRef = F39B27651683BE120085D61A /* SenTestingKit.framework */; };
		F39B27681683BE120085D61A /* Cocoa.framework in Frameworks */ = {isa = PBXBuildFile; fileRef = F39B27671683BE120085D61A /* Cocoa.framework */; };
		F39B276E1683BE120085D61A /* InfoPlist.strings in Resources */ = {isa = PBXBuildFile; fileRef = F39B276C1683BE120085D61A /* InfoPlist.strings */; };
		F39B27711683BE120085D61A /* OcrTest.m in Sources */ = {isa = PBXBuildFile; fileRef = F39B27701683BE120085D61A /* OcrTest.m */; };
		F39B277E1685B21B0085D61A /* recognizer.mm in Sources */ = {isa = PBXBuildFile; fileRef = F39B277D1685B21B0085D61A /* recognizer.mm */; };
		F3DCACAE1568106F00134670 /* MyNSImageView.m in Sources */ = {isa = PBXBuildFile; fileRef = F3DCACAD1568106F00134670 /* MyNSImageView.m */; };
		F3E7425B16793B7000EED3B1 /* Accelerate.framework in Frameworks */ = {isa = PBXBuildFile; fileRef = F3E7425A16793B7000EED3B1 /* Accelerate.framework */; };
		F3FE478D153956CF00CA9DDF /* tessocr.mm in Sources */ = {isa = PBXBuildFile; fileRef = F3FE478C153956CF00CA9DDF /* tessocr.mm */; };
		F3FE4841153965A900CA9DDF /* libtesseract.a in Frameworks */ = {isa = PBXBuildFile; fileRef = F3FE4840153965A900CA9DDF /* libtesseract.a */; };
		F3FEF2CC153AC5B200CA9DDF /* tessdata in Resources */ = {isa = PBXBuildFile; fileRef = F3FEF2C1153AC5B200CA9DDF /* tessdata */; };
/* End PBXBuildFile section */

/* Begin PBXFileReference section */
		089C165DFE840E0CC02AAC07 /* English */ = {isa = PBXFileReference; fileEncoding = 4; lastKnownFileType = text.plist.strings; name = English; path = English.lproj/InfoPlist.strings; sourceTree = "<group>"; };
		1058C7A1FEA54F0111CA2CBB /* Cocoa.framework */ = {isa = PBXFileReference; lastKnownFileType = wrapper.framework; name = Cocoa.framework; path = /System/Library/Frameworks/Cocoa.framework; sourceTree = "<absolute>"; };
		13E42FB307B3F0F600E4EEF1 /* CoreData.framework */ = {isa = PBXFileReference; lastKnownFileType = wrapper.framework; name = CoreData.framework; path = /System/Library/Frameworks/CoreData.framework; sourceTree = "<absolute>"; };
		1DDD58150DA1D0A300B32029 /* English */ = {isa = PBXFileReference; lastKnownFileType = file.xib; name = English; path = English.lproj/MainMenu.xib; sourceTree = "<group>"; };
		256AC3D80F4B6AC300CF3369 /* dsptest1AppDelegate.h */ = {isa = PBXFileReference; fileEncoding = 4; lastKnownFileType = sourcecode.c.h; path = dsptest1AppDelegate.h; sourceTree = "<group>"; };
		256AC3D90F4B6AC300CF3369 /* dsptest1AppDelegate.m */ = {isa = PBXFileReference; fileEncoding = 4; lastKnownFileType = sourcecode.c.objc; path = dsptest1AppDelegate.m; sourceTree = "<group>"; };
		256AC3F00F4B6AF500CF3369 /* dsptest1_Prefix.pch */ = {isa = PBXFileReference; fileEncoding = 4; lastKnownFileType = sourcecode.c.h; path = dsptest1_Prefix.pch; sourceTree = "<group>"; };
		29B97316FDCFA39411CA2CEA /* main.m */ = {isa = PBXFileReference; fileEncoding = 4; lastKnownFileType = sourcecode.c.objc; path = main.m; sourceTree = "<group>"; };
		29B97324FDCFA39411CA2CEA /* AppKit.framework */ = {isa = PBXFileReference; lastKnownFileType = wrapper.framework; name = AppKit.framework; path = /System/Library/Frameworks/AppKit.framework; sourceTree = "<absolute>"; };
		29B97325FDCFA39411CA2CEA /* Foundation.framework */ = {isa = PBXFileReference; lastKnownFileType = wrapper.framework; name = Foundation.framework; path = /System/Library/Frameworks/Foundation.framework; sourceTree = "<absolute>"; };
		8D1107310486CEB800E47090 /* dsptest1-Info.plist */ = {isa = PBXFileReference; fileEncoding = 4; lastKnownFileType = text.plist.xml; path = "dsptest1-Info.plist"; sourceTree = "<group>"; };
		8D1107320486CEB800E47090 /* dsptest1.app */ = {isa = PBXFileReference; explicitFileType = wrapper.application; includeInIndex = 0; path = dsptest1.app; sourceTree = BUILT_PRODUCTS_DIR; };
		F32C1ED514E30B1600C594FB /* dsptestview.h */ = {isa = PBXFileReference; fileEncoding = 4; lastKnownFileType = sourcecode.c.h; path = dsptestview.h; sourceTree = "<group>"; };
		F32C1ED614E30B1600C594FB /* dsptestview.mm */ = {isa = PBXFileReference; fileEncoding = 4; lastKnownFileType = sourcecode.cpp.objcpp; path = dsptestview.mm; sourceTree = "<group>"; };
		F39B2747167BCADC0085D61A /* util.mm */ = {isa = PBXFileReference; fileEncoding = 4; lastKnownFileType = sourcecode.cpp.objcpp; path = util.mm; sourceTree = "<group>"; };
		F39B2749167BCAE70085D61A /* util.h */ = {isa = PBXFileReference; lastKnownFileType = sourcecode.c.h; path = util.h; sourceTree = "<group>"; };
		F39B2754167E537C0085D61A /* graphics.h */ = {isa = PBXFileReference; fileEncoding = 4; lastKnownFileType = sourcecode.c.h; path = graphics.h; sourceTree = "<group>"; };
		F39B2755167E53A70085D61A /* graphics.mm */ = {isa = PBXFileReference; fileEncoding = 4; lastKnownFileType = sourcecode.cpp.objcpp; path = graphics.mm; sourceTree = "<group>"; };
		F39B275D1683BD280085D61A /* SenTestingKit.framework */ = {isa = PBXFileReference; lastKnownFileType = wrapper.framework; name = SenTestingKit.framework; path = Library/Frameworks/SenTestingKit.framework; sourceTree = DEVELOPER_DIR; };
		F39B27641683BE120085D61A /* OcrTest.octest */ = {isa = PBXFileReference; explicitFileType = wrapper.cfbundle; includeInIndex = 0; path = OcrTest.octest; sourceTree = BUILT_PRODUCTS_DIR; };
		F39B27651683BE120085D61A /* SenTestingKit.framework */ = {isa = PBXFileReference; lastKnownFileType = wrapper.framework; name = SenTestingKit.framework; path = Library/Frameworks/SenTestingKit.framework; sourceTree = DEVELOPER_DIR; };
		F39B27671683BE120085D61A /* Cocoa.framework */ = {isa = PBXFileReference; lastKnownFileType = wrapper.framework; name = Cocoa.framework; path = Library/Frameworks/Cocoa.framework; sourceTree = DEVELOPER_DIR; };
		F39B276B1683BE120085D61A /* OcrTest-Info.plist */ = {isa = PBXFileReference; lastKnownFileType = text.plist.xml; path = "OcrTest-Info.plist"; sourceTree = "<group>"; };
		F39B276D1683BE120085D61A /* en */ = {isa = PBXFileReference; lastKnownFileType = text.plist.strings; name = en; path = en.lproj/InfoPlist.strings; sourceTree = "<group>"; };
		F39B276F1683BE120085D61A /* OcrTest.h */ = {isa = PBXFileReference; lastKnownFileType = sourcecode.c.h; path = OcrTest.h; sourceTree = "<group>"; };
		F39B27701683BE120085D61A /* OcrTest.m */ = {isa = PBXFileReference; lastKnownFileType = sourcecode.c.objc; path = OcrTest.m; sourceTree = "<group>"; };
		F39B27721683BE120085D61A /* OcrTest-Prefix.pch */ = {isa = PBXFileReference; lastKnownFileType = sourcecode.c.h; path = "OcrTest-Prefix.pch"; sourceTree = "<group>"; };
		F39B277C1685B20B0085D61A /* recognizer.h */ = {isa = PBXFileReference; lastKnownFileType = sourcecode.c.h; path = recognizer.h; sourceTree = "<group>"; };
		F39B277D1685B21B0085D61A /* recognizer.mm */ = {isa = PBXFileReference; fileEncoding = 4; lastKnownFileType = sourcecode.cpp.objcpp; path = recognizer.mm; sourceTree = "<group>"; };
		F3DCACAC1568106F00134670 /* MyNSImageView.h */ = {isa = PBXFileReference; fileEncoding = 4; lastKnownFileType = sourcecode.c.h; path = MyNSImageView.h; sourceTree = "<group>"; };
		F3DCACAD1568106F00134670 /* MyNSImageView.m */ = {isa = PBXFileReference; fileEncoding = 4; lastKnownFileType = sourcecode.c.objc; path = MyNSImageView.m; sourceTree = "<group>"; };
		F3E7425A16793B7000EED3B1 /* Accelerate.framework */ = {isa = PBXFileReference; lastKnownFileType = wrapper.framework; name = Accelerate.framework; path = ../../../../System/Library/Frameworks/Accelerate.framework; sourceTree = "<group>"; };
		F3FE478B153956CF00CA9DDF /* tessocr.h */ = {isa = PBXFileReference; fileEncoding = 4; lastKnownFileType = sourcecode.c.h; path = tessocr.h; sourceTree = "<group>"; };
		F3FE478C153956CF00CA9DDF /* tessocr.mm */ = {isa = PBXFileReference; fileEncoding = 4; lastKnownFileType = sourcecode.cpp.objcpp; path = tessocr.mm; sourceTree = "<group>"; };
		F3FE4840153965A900CA9DDF /* libtesseract.a */ = {isa = PBXFileReference; lastKnownFileType = archive.ar; path = libtesseract.a; sourceTree = "<group>"; };
		F3FEF2C1153AC5B200CA9DDF /* tessdata */ = {isa = PBXFileReference; lastKnownFileType = folder; path = tessdata; sourceTree = "<group>"; };
/* End PBXFileReference section */

/* Begin PBXFrameworksBuildPhase section */
		8D11072E0486CEB800E47090 /* Frameworks */ = {
			isa = PBXFrameworksBuildPhase;
			buildActionMask = 2147483647;
			files = (
				F3E7425B16793B7000EED3B1 /* Accelerate.framework in Frameworks */,
				8D11072F0486CEB800E47090 /* Cocoa.framework in Frameworks */,
				F3FE4841153965A900CA9DDF /* libtesseract.a in Frameworks */,
			);
			runOnlyForDeploymentPostprocessing = 0;
		};
		F39B27601683BE110085D61A /* Frameworks */ = {
			isa = PBXFrameworksBuildPhase;
			buildActionMask = 2147483647;
			files = (
				F39B27661683BE120085D61A /* SenTestingKit.framework in Frameworks */,
				F39B27681683BE120085D61A /* Cocoa.framework in Frameworks */,
			);
			runOnlyForDeploymentPostprocessing = 0;
		};
/* End PBXFrameworksBuildPhase section */

/* Begin PBXGroup section */
		080E96DDFE201D6D7F000001 /* Classes */ = {
			isa = PBXGroup;
			children = (
				256AC3D80F4B6AC300CF3369 /* dsptest1AppDelegate.h */,
				256AC3D90F4B6AC300CF3369 /* dsptest1AppDelegate.m */,
				F3DCACAC1568106F00134670 /* MyNSImageView.h */,
				F3DCACAD1568106F00134670 /* MyNSImageView.m */,
			);
			name = Classes;
			sourceTree = "<group>";
		};
		1058C7A0FEA54F0111CA2CBB /* Linked Frameworks */ = {
			isa = PBXGroup;
			children = (
				1058C7A1FEA54F0111CA2CBB /* Cocoa.framework */,
			);
			name = "Linked Frameworks";
			sourceTree = "<group>";
		};
		1058C7A2FEA54F0111CA2CBB /* Other Frameworks */ = {
			isa = PBXGroup;
			children = (
				29B97324FDCFA39411CA2CEA /* AppKit.framework */,
				13E42FB307B3F0F600E4EEF1 /* CoreData.framework */,
				29B97325FDCFA39411CA2CEA /* Foundation.framework */,
			);
			name = "Other Frameworks";
			sourceTree = "<group>";
		};
		19C28FACFE9D520D11CA2CBB /* Products */ = {
			isa = PBXGroup;
			children = (
				8D1107320486CEB800E47090 /* dsptest1.app */,
				F39B27641683BE120085D61A /* OcrTest.octest */,
			);
			name = Products;
			sourceTree = "<group>";
		};
		29B97314FDCFA39411CA2CEA /* dsptest1 */ = {
			isa = PBXGroup;
			children = (
				F39B277C1685B20B0085D61A /* recognizer.h */,
				F39B277D1685B21B0085D61A /* recognizer.mm */,
				F39B275D1683BD280085D61A /* SenTestingKit.framework */,
				F39B2755167E53A70085D61A /* graphics.mm */,
				F39B2754167E537C0085D61A /* graphics.h */,
				F39B2749167BCAE70085D61A /* util.h */,
				F39B2747167BCADC0085D61A /* util.mm */,
				F3E7425A16793B7000EED3B1 /* Accelerate.framework */,
				F3FEF2C1153AC5B200CA9DDF /* tessdata */,
				F3FE4840153965A900CA9DDF /* libtesseract.a */,
				080E96DDFE201D6D7F000001 /* Classes */,
				29B97315FDCFA39411CA2CEA /* Other Sources */,
				29B97317FDCFA39411CA2CEA /* Resources */,
				F39B27691683BE120085D61A /* OcrTest */,
				29B97323FDCFA39411CA2CEA /* Frameworks */,
				19C28FACFE9D520D11CA2CBB /* Products */,
				F32C1ED514E30B1600C594FB /* dsptestview.h */,
				F32C1ED614E30B1600C594FB /* dsptestview.mm */,
				F3FE478B153956CF00CA9DDF /* tessocr.h */,
				F3FE478C153956CF00CA9DDF /* tessocr.mm */,
			);
			name = dsptest1;
			sourceTree = "<group>";
		};
		29B97315FDCFA39411CA2CEA /* Other Sources */ = {
			isa = PBXGroup;
			children = (
				256AC3F00F4B6AF500CF3369 /* dsptest1_Prefix.pch */,
				29B97316FDCFA39411CA2CEA /* main.m */,
			);
			name = "Other Sources";
			sourceTree = "<group>";
		};
		29B97317FDCFA39411CA2CEA /* Resources */ = {
			isa = PBXGroup;
			children = (
				8D1107310486CEB800E47090 /* dsptest1-Info.plist */,
				089C165CFE840E0CC02AAC07 /* InfoPlist.strings */,
				1DDD58140DA1D0A300B32029 /* MainMenu.xib */,
			);
			name = Resources;
			sourceTree = "<group>";
		};
		29B97323FDCFA39411CA2CEA /* Frameworks */ = {
			isa = PBXGroup;
			children = (
				1058C7A0FEA54F0111CA2CBB /* Linked Frameworks */,
				F39B27651683BE120085D61A /* SenTestingKit.framework */,
				F39B27671683BE120085D61A /* Cocoa.framework */,
				1058C7A2FEA54F0111CA2CBB /* Other Frameworks */,
			);
			name = Frameworks;
			sourceTree = "<group>";
		};
		F39B27691683BE120085D61A /* OcrTest */ = {
			isa = PBXGroup;
			children = (
				F39B276F1683BE120085D61A /* OcrTest.h */,
				F39B27701683BE120085D61A /* OcrTest.m */,
				F39B276A1683BE120085D61A /* Supporting Files */,
			);
			path = OcrTest;
			sourceTree = "<group>";
		};
		F39B276A1683BE120085D61A /* Supporting Files */ = {
			isa = PBXGroup;
			children = (
				F39B276B1683BE120085D61A /* OcrTest-Info.plist */,
				F39B276C1683BE120085D61A /* InfoPlist.strings */,
				F39B27721683BE120085D61A /* OcrTest-Prefix.pch */,
			);
			name = "Supporting Files";
			sourceTree = "<group>";
		};
/* End PBXGroup section */

/* Begin PBXNativeTarget section */
		8D1107260486CEB800E47090 /* dsptest1 */ = {
			isa = PBXNativeTarget;
			buildConfigurationList = C01FCF4A08A954540054247B /* Build configuration list for PBXNativeTarget "dsptest1" */;
			buildPhases = (
				8D1107290486CEB800E47090 /* Resources */,
				8D11072C0486CEB800E47090 /* Sources */,
				8D11072E0486CEB800E47090 /* Frameworks */,
			);
			buildRules = (
			);
			dependencies = (
			);
			name = dsptest1;
			productInstallPath = "$(HOME)/Applications";
			productName = dsptest1;
			productReference = 8D1107320486CEB800E47090 /* dsptest1.app */;
			productType = "com.apple.product-type.application";
		};
		F39B27631683BE110085D61A /* OcrTest */ = {
			isa = PBXNativeTarget;
			buildConfigurationList = F39B27731683BE120085D61A /* Build configuration list for PBXNativeTarget "OcrTest" */;
			buildPhases = (
				F39B275F1683BE110085D61A /* Sources */,
				F39B27601683BE110085D61A /* Frameworks */,
				F39B27611683BE110085D61A /* Resources */,
				F39B27621683BE110085D61A /* ShellScript */,
			);
			buildRules = (
			);
			dependencies = (
			);
			name = OcrTest;
			productName = OcrTest;
			productReference = F39B27641683BE120085D61A /* OcrTest.octest */;
			productType = "com.apple.product-type.bundle";
		};
/* End PBXNativeTarget section */

/* Begin PBXProject section */
		29B97313FDCFA39411CA2CEA /* Project object */ = {
			isa = PBXProject;
			buildConfigurationList = C01FCF4E08A954540054247B /* Build configuration list for PBXProject "dsptest1" */;
			compatibilityVersion = "Xcode 3.1";
			developmentRegion = English;
			hasScannedForEncodings = 1;
			knownRegions = (
				English,
				Japanese,
				French,
				German,
				en,
			);
			mainGroup = 29B97314FDCFA39411CA2CEA /* dsptest1 */;
			projectDirPath = "";
			projectRoot = "";
			targets = (
				8D1107260486CEB800E47090 /* dsptest1 */,
				F39B27631683BE110085D61A /* OcrTest */,
			);
		};
/* End PBXProject section */

/* Begin PBXResourcesBuildPhase section */
		8D1107290486CEB800E47090 /* Resources */ = {
			isa = PBXResourcesBuildPhase;
			buildActionMask = 2147483647;
			files = (
				8D11072B0486CEB800E47090 /* InfoPlist.strings in Resources */,
				1DDD58160DA1D0A300B32029 /* MainMenu.xib in Resources */,
				F3FEF2CC153AC5B200CA9DDF /* tessdata in Resources */,
			);
			runOnlyForDeploymentPostprocessing = 0;
		};
		F39B27611683BE110085D61A /* Resources */ = {
			isa = PBXResourcesBuildPhase;
			buildActionMask = 2147483647;
			files = (
				F39B276E1683BE120085D61A /* InfoPlist.strings in Resources */,
			);
			runOnlyForDeploymentPostprocessing = 0;
		};
/* End PBXResourcesBuildPhase section */

/* Begin PBXShellScriptBuildPhase section */
		F39B27621683BE110085D61A /* ShellScript */ = {
			isa = PBXShellScriptBuildPhase;
			buildActionMask = 2147483647;
			files = (
			);
			inputPaths = (
			);
			outputPaths = (
			);
			runOnlyForDeploymentPostprocessing = 0;
			shellPath = /bin/sh;
			shellScript = "# Run the unit tests in this test bundle.\n\"${SYSTEM_DEVELOPER_DIR}/Tools/RunUnitTests\"\n";
		};
/* End PBXShellScriptBuildPhase section */

/* Begin PBXSourcesBuildPhase section */
		8D11072C0486CEB800E47090 /* Sources */ = {
			isa = PBXSourcesBuildPhase;
			buildActionMask = 2147483647;
			files = (
				8D11072D0486CEB800E47090 /* main.m in Sources */,
				256AC3DA0F4B6AC300CF3369 /* dsptest1AppDelegate.m in Sources */,
				F32C1ED714E30B1600C594FB /* dsptestview.mm in Sources */,
				F3FE478D153956CF00CA9DDF /* tessocr.mm in Sources */,
				F3DCACAE1568106F00134670 /* MyNSImageView.m in Sources */,
				F39B2748167BCADC0085D61A /* util.mm in Sources */,
				F39B2756167E53A70085D61A /* graphics.mm in Sources */,
				F39B277E1685B21B0085D61A /* recognizer.mm in Sources */,
			);
			runOnlyForDeploymentPostprocessing = 0;
		};
		F39B275F1683BE110085D61A /* Sources */ = {
			isa = PBXSourcesBuildPhase;
			buildActionMask = 2147483647;
			files = (
				F39B27711683BE120085D61A /* OcrTest.m in Sources */,
			);
			runOnlyForDeploymentPostprocessing = 0;
		};
/* End PBXSourcesBuildPhase section */

/* Begin PBXVariantGroup section */
		089C165CFE840E0CC02AAC07 /* InfoPlist.strings */ = {
			isa = PBXVariantGroup;
			children = (
				089C165DFE840E0CC02AAC07 /* English */,
			);
			name = InfoPlist.strings;
			sourceTree = "<group>";
		};
		1DDD58140DA1D0A300B32029 /* MainMenu.xib */ = {
			isa = PBXVariantGroup;
			children = (
				1DDD58150DA1D0A300B32029 /* English */,
			);
			name = MainMenu.xib;
			sourceTree = "<group>";
		};
		F39B276C1683BE120085D61A /* InfoPlist.strings */ = {
			isa = PBXVariantGroup;
			children = (
				F39B276D1683BE120085D61A /* en */,
			);
			name = InfoPlist.strings;
			sourceTree = "<group>";
		};
/* End PBXVariantGroup section */

/* Begin XCBuildConfiguration section */
		C01FCF4B08A954540054247B /* Debug */ = {
			isa = XCBuildConfiguration;
			buildSettings = {
				ALWAYS_SEARCH_USER_PATHS = NO;
				COPY_PHASE_STRIP = NO;
				FRAMEWORK_SEARCH_PATHS = (
					"$(inherited)",
					"\"$(SYSTEM_APPS_DIR)/Xcode.app/Contents/Developer/Library/Frameworks\"",
				);
				GCC_DYNAMIC_NO_PIC = NO;
				GCC_ENABLE_FIX_AND_CONTINUE = YES;
				GCC_MODEL_TUNING = G5;
				GCC_OPTIMIZATION_LEVEL = 0;
				GCC_PRECOMPILE_PREFIX_HEADER = YES;
				GCC_PREFIX_HEADER = dsptest1_Prefix.pch;
				INFOPLIST_FILE = "dsptest1-Info.plist";
				INSTALL_PATH = "$(HOME)/Applications";
				LIBRARY_SEARCH_PATHS = (
					"$(inherited)",
					"\"$(SRCROOT)\"",
				);
				PRODUCT_NAME = dsptest1;
			};
			name = Debug;
		};
		C01FCF4C08A954540054247B /* Release */ = {
			isa = XCBuildConfiguration;
			buildSettings = {
				ALWAYS_SEARCH_USER_PATHS = NO;
				DEBUG_INFORMATION_FORMAT = "dwarf-with-dsym";
				FRAMEWORK_SEARCH_PATHS = (
					"$(inherited)",
					"\"$(SYSTEM_APPS_DIR)/Xcode.app/Contents/Developer/Library/Frameworks\"",
				);
				GCC_MODEL_TUNING = G5;
				GCC_PRECOMPILE_PREFIX_HEADER = YES;
				GCC_PREFIX_HEADER = dsptest1_Prefix.pch;
				INFOPLIST_FILE = "dsptest1-Info.plist";
				INSTALL_PATH = "$(HOME)/Applications";
				LIBRARY_SEARCH_PATHS = (
					"$(inherited)",
					"\"$(SRCROOT)\"",
				);
				PRODUCT_NAME = dsptest1;
			};
			name = Release;
		};
		C01FCF4F08A954540054247B /* Debug */ = {
			isa = XCBuildConfiguration;
			buildSettings = {
				ARCHS = "$(ARCHS_STANDARD_32_64_BIT)";
				GCC_C_LANGUAGE_STANDARD = gnu99;
				GCC_OPTIMIZATION_LEVEL = 0;
				GCC_WARN_ABOUT_RETURN_TYPE = YES;
				GCC_WARN_UNUSED_VARIABLE = YES;
				LIBRARY_SEARCH_PATHS = /usr/local/lib;
				ONLY_ACTIVE_ARCH = YES;
				PREBINDING = NO;
				SDKROOT = "";
				USER_HEADER_SEARCH_PATHS = "/usr/local/include/tesseract/** /usr/local/include/leptonica/**";
			};
			name = Debug;
		};
		C01FCF5008A954540054247B /* Release */ = {
			isa = XCBuildConfiguration;
			buildSettings = {
				ARCHS = "$(ARCHS_STANDARD_32_64_BIT)";
				GCC_C_LANGUAGE_STANDARD = gnu99;
				GCC_WARN_ABOUT_RETURN_TYPE = YES;
				GCC_WARN_UNUSED_VARIABLE = YES;
				PREBINDING = NO;
				SDKROOT = "";
			};
			name = Release;
		};
		F39B27741683BE120085D61A /* Debug */ = {
			isa = XCBuildConfiguration;
			buildSettings = {
				ALWAYS_SEARCH_USER_PATHS = NO;
				ARCHS = "$(ARCHS_STANDARD_64_BIT)";
				CLANG_CXX_LANGUAGE_STANDARD = "gnu++0x";
				CLANG_CXX_LIBRARY = "libc++";
				CLANG_WARN_EMPTY_BODY = YES;
				CLANG_WARN__DUPLICATE_METHOD_MATCH = YES;
				COMBINE_HIDPI_IMAGES = YES;
				COPY_PHASE_STRIP = NO;
				FRAMEWORK_SEARCH_PATHS = "\"$(DEVELOPER_LIBRARY_DIR)/Frameworks\"";
				GCC_DYNAMIC_NO_PIC = NO;
				GCC_ENABLE_OBJC_EXCEPTIONS = YES;
				GCC_PRECOMPILE_PREFIX_HEADER = YES;
				GCC_PREFIX_HEADER = "OcrTest/OcrTest-Prefix.pch";
				GCC_PREPROCESSOR_DEFINITIONS = (
					"DEBUG=1",
					"$(inherited)",
				);
				GCC_SYMBOLS_PRIVATE_EXTERN = NO;
				GCC_WARN_64_TO_32_BIT_CONVERSION = YES;
				GCC_WARN_UNINITIALIZED_AUTOS = YES;
				INFOPLIST_FILE = "OcrTest/OcrTest-Info.plist";
				MACOSX_DEPLOYMENT_TARGET = 10.7;
				PRODUCT_NAME = "$(TARGET_NAME)";
				SDKROOT = macosx;
				WRAPPER_EXTENSION = octest;
			};
			name = Debug;
		};
		F39B27751683BE120085D61A /* Release */ = {
			isa = XCBuildConfiguration;
			buildSettings = {
				ALWAYS_SEARCH_USER_PATHS = NO;
				ARCHS = "$(ARCHS_STANDARD_64_BIT)";
				CLANG_CXX_LANGUAGE_STANDARD = "gnu++0x";
				CLANG_CXX_LIBRARY = "libc++";
				CLANG_WARN_EMPTY_BODY = YES;
				CLANG_WARN__DUPLICATE_METHOD_MATCH = YES;
				COMBINE_HIDPI_IMAGES = YES;
				COPY_PHASE_STRIP = YES;
				DEBUG_INFORMATION_FORMAT = "dwarf-with-dsym";
				FRAMEWORK_SEARCH_PATHS = "\"$(DEVELOPER_LIBRARY_DIR)/Frameworks\"";
				GCC_ENABLE_OBJC_EXCEPTIONS = YES;
				GCC_PRECOMPILE_PREFIX_HEADER = YES;
				GCC_PREFIX_HEADER = "OcrTest/OcrTest-Prefix.pch";
				GCC_WARN_64_TO_32_BIT_CONVERSION = YES;
				GCC_WARN_UNINITIALIZED_AUTOS = YES;
				INFOPLIST_FILE = "OcrTest/OcrTest-Info.plist";
				MACOSX_DEPLOYMENT_TARGET = 10.7;
				PRODUCT_NAME = "$(TARGET_NAME)";
				SDKROOT = macosx;
				WRAPPER_EXTENSION = octest;
			};
			name = Release;
		};
/* End XCBuildConfiguration section */

/* Begin XCConfigurationList section */
		C01FCF4A08A954540054247B /* Build configuration list for PBXNativeTarget "dsptest1" */ = {
			isa = XCConfigurationList;
			buildConfigurations = (
				C01FCF4B08A954540054247B /* Debug */,
				C01FCF4C08A954540054247B /* Release */,
			);
			defaultConfigurationIsVisible = 0;
			defaultConfigurationName = Release;
		};
		C01FCF4E08A954540054247B /* Build configuration list for PBXProject "dsptest1" */ = {
			isa = XCConfigurationList;
			buildConfigurations = (
				C01FCF4F08A954540054247B /* Debug */,
				C01FCF5008A954540054247B /* Release */,
			);
			defaultConfigurationIsVisible = 0;
			defaultConfigurationName = Release;
		};
		F39B27731683BE120085D61A /* Build configuration list for PBXNativeTarget "OcrTest" */ = {
			isa = XCConfigurationList;
			buildConfigurations = (
				F39B27741683BE120085D61A /* Debug */,
				F39B27751683BE120085D61A /* Release */,
			);
			defaultConfigurationIsVisible = 0;
			defaultConfigurationName = Release;
		};
/* End XCConfigurationList section */
	};
	rootObject = 29B97313FDCFA39411CA2CEA /* Project object */;
}
